
Microsoft Visual Studio Solution File, Format Version 12.00
# Visual Studio Version 17
VisualStudioVersion = 17.8.34511.84
MinimumVisualStudioVersion = 10.0.40219.1
Project("{FAE04EC0-301F-11D3-BF4B-00C04F79EFBC}") = "CoursesApi.Web", "CoursesApi.Web\CoursesApi.Web.csproj", "{45D0E72A-9168-46A3-BB1D-F6DE5E3D2C3B}"
	ProjectSection(ProjectDependencies) = postProject
		{594810C5-0441-4F11-9533-96C3F18B608A} = {594810C5-0441-4F11-9533-96C3F18B608A}
	EndProjectSection
EndProject
Project("{FAE04EC0-301F-11D3-BF4B-00C04F79EFBC}") = "CoursesApi.Core", "CoursesApi.Core\CoursesApi.Core.csproj", "{594810C5-0441-4F11-9533-96C3F18B608A}"
EndProject
Project("{FAE04EC0-301F-11D3-BF4B-00C04F79EFBC}") = "CoursesApi.Infrastructure", "CoursesApi.Infrastructure\CoursesApi.Infrastructure.csproj", "{2872C52B-8414-4404-A969-D061C76B9D1C}"
EndProject
Global
	GlobalSection(SolutionConfigurationPlatforms) = preSolution
		Debug|Any CPU = Debug|Any CPU
		Release|Any CPU = Release|Any CPU
	EndGlobalSection
	GlobalSection(ProjectConfigurationPlatforms) = postSolution
		{45D0E72A-9168-46A3-BB1D-F6DE5E3D2C3B}.Debug|Any CPU.ActiveCfg = Debug|Any CPU
		{45D0E72A-9168-46A3-BB1D-F6DE5E3D2C3B}.Debug|Any CPU.Build.0 = Debug|Any CPU
		{45D0E72A-9168-46A3-BB1D-F6DE5E3D2C3B}.Release|Any CPU.ActiveCfg = Release|Any CPU
		{45D0E72A-9168-46A3-BB1D-F6DE5E3D2C3B}.Release|Any CPU.Build.0 = Release|Any CPU
		{594810C5-0441-4F11-9533-96C3F18B608A}.Debug|Any CPU.ActiveCfg = Debug|Any CPU
		{594810C5-0441-4F11-9533-96C3F18B608A}.Debug|Any CPU.Build.0 = Debug|Any CPU
		{594810C5-0441-4F11-9533-96C3F18B608A}.Release|Any CPU.ActiveCfg = Release|Any CPU
		{594810C5-0441-4F11-9533-96C3F18B608A}.Release|Any CPU.Build.0 = Release|Any CPU
		{2872C52B-8414-4404-A969-D061C76B9D1C}.Debug|Any CPU.ActiveCfg = Debug|Any CPU
		{2872C52B-8414-4404-A969-D061C76B9D1C}.Debug|Any CPU.Build.0 = Debug|Any CPU
		{2872C52B-8414-4404-A969-D061C76B9D1C}.Release|Any CPU.ActiveCfg = Release|Any CPU
		{2872C52B-8414-4404-A969-D061C76B9D1C}.Release|Any CPU.Build.0 = Release|Any CPU
	EndGlobalSection
	GlobalSection(SolutionProperties) = preSolution
		HideSolutionNode = FALSE
	EndGlobalSection
	GlobalSection(ExtensibilityGlobals) = postSolution
		SolutionGuid = {F44592FF-171C-4515-96BB-2E507C7A4DA5}
	EndGlobalSection
EndGlobal
